<?xml version="1.0" encoding="utf-8"?>
<Project ToolsVersion="4.0" xmlns="http://schemas.microsoft.com/developer/msbuild/2003">
  <ItemGroup>
    <Filter Include="Исходные файлы">
      <UniqueIdentifier>{4FC737F1-C7A5-4376-A066-2A32D752A2FF}</UniqueIdentifier>
      <Extensions>cpp;c;cc;cxx;c++;cppm;ixx;def;odl;idl;hpj;bat;asm;asmx</Extensions>
    </Filter>
    <Filter Include="Файлы заголовков">
      <UniqueIdentifier>{93995380-89BD-4b04-88EB-625FBE52EBFB}</UniqueIdentifier>
      <Extensions>h;hh;hpp;hxx;h++;hm;inl;inc;ipp;xsd</Extensions>
    </Filter>
    <Filter Include="Файлы ресурсов">
      <UniqueIdentifier>{67DA6AB6-F800-4c08-8B7A-83BB121AAD01}</UniqueIdentifier>
      <Extensions>rc;ico;cur;bmp;dlg;rc2;rct;bin;rgs;gif;jpg;jpeg;jpe;resx;tiff;tif;png;wav;mfcribbon-ms</Extensions>
    </Filter>
    <Filter Include="Subsystems">
      <UniqueIdentifier>{cff434a6-d53e-4643-8e51-deefbb581c27}</UniqueIdentifier>
    </Filter>
    <Filter Include="Core">
      <UniqueIdentifier>{bb0ca5ca-12b0-4101-99e8-fc54e46114e1}</UniqueIdentifier>
    </Filter>
    <Filter Include="ActorSystem">
      <UniqueIdentifier>{a644a540-b53d-4ec7-b414-5c60a809d79d}</UniqueIdentifier>
    </Filter>
    <Filter Include="WidgetsSystem">
      <UniqueIdentifier>{aee5d096-a880-4ce7-928c-10dcf0360726}</UniqueIdentifier>
    </Filter>
    <Filter Include="GameStates">
      <UniqueIdentifier>{7096ccbb-c670-4921-af28-f50983feab24}</UniqueIdentifier>
    </Filter>
    <Filter Include="GameStates\Abstract">
      <UniqueIdentifier>{3b39ff87-b6c8-442b-a491-1b52ec5ff7d0}</UniqueIdentifier>
    </Filter>
    <Filter Include="WidgetsSystem\Drawable">
      <UniqueIdentifier>{361d17c8-0fbe-4aa3-aa56-99cad5efef99}</UniqueIdentifier>
    </Filter>
    <Filter Include="Subsystems\Audio">
      <UniqueIdentifier>{45a466ac-5c3d-4e39-8d1e-df869cd0bedd}</UniqueIdentifier>
    </Filter>
    <Filter Include="Core\Functions">
      <UniqueIdentifier>{c3e1b52c-1402-40ca-a6d5-3c9b31c3a0b3}</UniqueIdentifier>
    </Filter>
  </ItemGroup>
  <ItemGroup>
    <ClCompile Include="Actors\Actor.cpp">
      <Filter>ActorSystem</Filter>
    </ClCompile>
    <ClCompile Include="Core\Engine.cpp">
      <Filter>Исходные файлы</Filter>
    </ClCompile>
    <ClCompile Include="Actors\Environment\Archer.cpp">
      <Filter>Исходные файлы</Filter>
    </ClCompile>
    <ClCompile Include="Actors\Environment\Arrow.cpp">
      <Filter>Исходные файлы</Filter>
    </ClCompile>
    <ClCompile Include="Actors\Environment\BackgroundWall.cpp">
      <Filter>Исходные файлы</Filter>
    </ClCompile>
    <ClCompile Include="Actors\Environment\CornerWall.cpp">
      <Filter>Исходные файлы</Filter>
    </ClCompile>
    <ClCompile Include="Actors\Environment\EditorObject.cpp">
      <Filter>Исходные файлы</Filter>
    </ClCompile>
    <ClCompile Include="Actors\Player.cpp">
      <Filter>Исходные файлы</Filter>
    </ClCompile>
    <ClCompile Include="Actors\Environment\PlayerEnd.cpp">
      <Filter>Исходные файлы</Filter>
    </ClCompile>
    <ClCompile Include="Actors\Environment\PlayerEndBlock.cpp">
      <Filter>Исходные файлы</Filter>
    </ClCompile>
    <ClCompile Include="Actors\Environment\PlayerStart.cpp">
      <Filter>Исходные файлы</Filter>
    </ClCompile>
    <ClCompile Include="Actors\Environment\PlayerStartBlock.cpp">
      <Filter>Исходные файлы</Filter>
    </ClCompile>
    <ClCompile Include="Actors\Point.cpp">
      <Filter>Исходные файлы</Filter>
    </ClCompile>
    <ClCompile Include="Actors\Environment\Wall.cpp">
      <Filter>Исходные файлы</Filter>
    </ClCompile>
    <ClCompile Include="Core\GameSubsystems\AudioSubsystem.cpp">
      <Filter>Исходные файлы</Filter>
    </ClCompile>
    <ClCompile Include="Core\GameSubsystems\GarbageCollector.cpp">
      <Filter>Исходные файлы</Filter>
    </ClCompile>
    <ClCompile Include="GameStates\GameState.cpp">
      <Filter>Исходные файлы</Filter>
    </ClCompile>
    <ClCompile Include="GameStates\LevelEditor.cpp">
      <Filter>Исходные файлы</Filter>
    </ClCompile>
    <ClCompile Include="GameStates\LevelEditorSelector.cpp">
      <Filter>Исходные файлы</Filter>
    </ClCompile>
    <ClCompile Include="GameStates\LevelInstance.cpp">
      <Filter>Исходные файлы</Filter>
    </ClCompile>
    <ClCompile Include="GameStates\LevelSelector.cpp">
      <Filter>Исходные файлы</Filter>
    </ClCompile>
    <ClCompile Include="GUI\Button.cpp">
      <Filter>Исходные файлы</Filter>
    </ClCompile>
    <ClCompile Include="GUI\LevelIcon.cpp">
      <Filter>Исходные файлы</Filter>
    </ClCompile>
    <ClCompile Include="GameMain.cpp">
      <Filter>Исходные файлы</Filter>
    </ClCompile>
    <ClCompile Include="World\PhysicsSubsystem.cpp">
      <Filter>Исходные файлы</Filter>
    </ClCompile>
    <ClCompile Include="Core\GameSubsystems\RenderSubsystem.cpp">
      <Filter>Исходные файлы</Filter>
    </ClCompile>
    <ClCompile Include="Core\GameSubsystems\ResourceSubsystem.cpp">
      <Filter>Исходные файлы</Filter>
    </ClCompile>
    <ClCompile Include="Components\SpriteComponent.cpp">
      <Filter>Исходные файлы</Filter>
    </ClCompile>
    <ClCompile Include="GUI\TextBlock.cpp">
      <Filter>Исходные файлы</Filter>
    </ClCompile>
    <ClCompile Include="GUI\UserWidget.cpp">
      <Filter>Исходные файлы</Filter>
    </ClCompile>
    <ClCompile Include="GameStates\MainMenu.cpp">
      <Filter>Исходные файлы</Filter>
    </ClCompile>
    <ClCompile Include="Actors\Environment\Spikes.cpp">
      <Filter>Исходные файлы</Filter>
    </ClCompile>
    <ClCompile Include="Actors\Star.cpp">
      <Filter>Исходные файлы</Filter>
    </ClCompile>
    <ClCompile Include="GUI\CheckBox.cpp">
      <Filter>Исходные файлы</Filter>
    </ClCompile>
    <ClCompile Include="Core\GameSubsystems\GameSubsystem.cpp">
      <Filter>Исходные файлы</Filter>
    </ClCompile>
    <ClCompile Include="World\World.cpp">
      <Filter>Исходные файлы</Filter>
    </ClCompile>
    <ClCompile Include="Components\ActorComponent.cpp">
      <Filter>Исходные файлы</Filter>
    </ClCompile>
    <ClCompile Include="Core\UObject.cpp">
      <Filter>Исходные файлы</Filter>
    </ClCompile>
    <ClCompile Include="Components\SceneComponent.cpp">
      <Filter>Исходные файлы</Filter>
    </ClCompile>
    <ClCompile Include="Components\ColliderComponent.cpp">
      <Filter>Исходные файлы</Filter>
    </ClCompile>
    <ClCompile Include="Components\InputComponent.cpp">
      <Filter>Исходные файлы</Filter>
    </ClCompile>
    <ClCompile Include="Components\MovementComponent.cpp">
      <Filter>Исходные файлы</Filter>
    </ClCompile>
    <ClCompile Include="Components\CameraComponent.cpp">
      <Filter>Исходные файлы</Filter>
    </ClCompile>
    <ClCompile Include="GUI\LevelHUD.cpp">
      <Filter>Исходные файлы</Filter>
    </ClCompile>
  </ItemGroup>
  <ItemGroup>
    <ClInclude Include="Core\UObject.h">
      <Filter>Core</Filter>
    </ClInclude>
    <ClInclude Include="Actors\Actor.h">
      <Filter>ActorSystem</Filter>
    </ClInclude>
    <ClInclude Include="Actors\Environment\Archer.h">
      <Filter>Файлы заголовков</Filter>
    </ClInclude>
    <ClInclude Include="Actors\Environment\Arrow.h">
      <Filter>Файлы заголовков</Filter>
    </ClInclude>
    <ClInclude Include="Actors\Environment\BackgroundWall.h">
      <Filter>Файлы заголовков</Filter>
    </ClInclude>
    <ClInclude Include="Actors\Environment\CornerWall.h">
      <Filter>Файлы заголовков</Filter>
    </ClInclude>
    <ClInclude Include="Actors\Environment\EditorObject.h">
      <Filter>Файлы заголовков</Filter>
    </ClInclude>
    <ClInclude Include="Actors\Player.h">
      <Filter>Файлы заголовков</Filter>
    </ClInclude>
    <ClInclude Include="Actors\Environment\PlayerEnd.h">
      <Filter>Файлы заголовков</Filter>
    </ClInclude>
    <ClInclude Include="Actors\Environment\PlayerEndBlock.h">
      <Filter>Файлы заголовков</Filter>
    </ClInclude>
    <ClInclude Include="Actors\Environment\PlayerStart.h">
      <Filter>Файлы заголовков</Filter>
    </ClInclude>
    <ClInclude Include="Actors\Environment\PlayerStartBlock.h">
      <Filter>Файлы заголовков</Filter>
    </ClInclude>
    <ClInclude Include="Actors\Point.h">
      <Filter>Файлы заголовков</Filter>
    </ClInclude>
    <ClInclude Include="Actors\Environment\Wall.h">
      <Filter>Файлы заголовков</Filter>
    </ClInclude>
    <ClInclude Include="Core\DataFunctions.h">
      <Filter>Файлы заголовков</Filter>
    </ClInclude>
    <ClInclude Include="Core\CoreMinimal.h">
      <Filter>Файлы заголовков</Filter>
    </ClInclude>
    <ClInclude Include="Core\Engine.h">
      <Filter>Файлы заголовков</Filter>
    </ClInclude>
    <ClInclude Include="Core\GameSubsystems\AudioSubsystem.h">
      <Filter>Файлы заголовков</Filter>
    </ClInclude>
    <ClInclude Include="Core\GameSubsystems\GarbageCollector.h">
      <Filter>Файлы заголовков</Filter>
    </ClInclude>
    <ClInclude Include="GameStates\GameState.h">
      <Filter>Файлы заголовков</Filter>
    </ClInclude>
    <ClInclude Include="GameStates\LevelEditor.h">
      <Filter>Файлы заголовков</Filter>
    </ClInclude>
    <ClInclude Include="GameStates\LevelEditorSelector.h">
      <Filter>Файлы заголовков</Filter>
    </ClInclude>
    <ClInclude Include="GameStates\LevelInstance.h">
      <Filter>Файлы заголовков</Filter>
    </ClInclude>
    <ClInclude Include="GameStates\LevelSelector.h">
      <Filter>Файлы заголовков</Filter>
    </ClInclude>
    <ClInclude Include="GUI\LevelIcon.h">
      <Filter>Файлы заголовков</Filter>
    </ClInclude>
    <ClInclude Include="GUI\Button.h">
      <Filter>Файлы заголовков</Filter>
    </ClInclude>
    <ClInclude Include="GameStates\MainMenu.h">
      <Filter>Файлы заголовков</Filter>
    </ClInclude>
    <ClInclude Include="Core\Math.h">
      <Filter>Файлы заголовков</Filter>
    </ClInclude>
    <ClInclude Include="World\PhysicsSubsystem.h">
      <Filter>Файлы заголовков</Filter>
    </ClInclude>
    <ClInclude Include="Core\GameSubsystems\RenderSubsystem.h">
      <Filter>Файлы заголовков</Filter>
    </ClInclude>
    <ClInclude Include="Core\GameSubsystems\ResourceSubsystem.h">
      <Filter>Файлы заголовков</Filter>
    </ClInclude>
    <ClInclude Include="Actors\Environment\Spikes.h">
      <Filter>Файлы заголовков</Filter>
    </ClInclude>
    <ClInclude Include="Components\SpriteComponent.h">
      <Filter>Файлы заголовков</Filter>
    </ClInclude>
    <ClInclude Include="Actors\Star.h">
      <Filter>Файлы заголовков</Filter>
    </ClInclude>
    <ClInclude Include="GUI\TextBlock.h">
      <Filter>Файлы заголовков</Filter>
    </ClInclude>
    <ClInclude Include="GUI\UserWidget.h">
      <Filter>Файлы заголовков</Filter>
    </ClInclude>
    <ClInclude Include="GUI\CheckBox.h">
      <Filter>Файлы заголовков</Filter>
    </ClInclude>
    <ClInclude Include="Core\GameSubsystems\GameSubsystem.h">
      <Filter>Файлы заголовков</Filter>
    </ClInclude>
    <ClInclude Include="World\World.h">
      <Filter>Файлы заголовков</Filter>
    </ClInclude>
    <ClInclude Include="Components\ActorComponent.h">
      <Filter>Файлы заголовков</Filter>
    </ClInclude>
    <ClInclude Include="Components\SceneComponent.h">
      <Filter>Файлы заголовков</Filter>
    </ClInclude>
    <ClInclude Include="Components\ColliderComponent.h">
      <Filter>Файлы заголовков</Filter>
    </ClInclude>
    <ClInclude Include="Core\Delegate.h">
      <Filter>Файлы заголовков</Filter>
    </ClInclude>
    <ClInclude Include="Components\InputComponent.h">
      <Filter>Файлы заголовков</Filter>
    </ClInclude>
    <ClInclude Include="Components\MovementComponent.h">
      <Filter>Файлы заголовков</Filter>
    </ClInclude>
    <ClInclude Include="Components\CameraComponent.h">
      <Filter>Файлы заголовков</Filter>
    </ClInclude>
    <ClInclude Include="GUI\LevelHUD.h">
      <Filter>Файлы заголовков</Filter>
    </ClInclude>
  </ItemGroup>
  <ItemGroup>
    <None Include="openal32.dll" />
  </ItemGroup>
  <ItemGroup>
    <Library Include="openal32.lib" />
  </ItemGroup>
</Project>