<?xml version="1.0" encoding="utf-8"?>
<Project ToolsVersion="4.0" xmlns="http://schemas.microsoft.com/developer/msbuild/2003">
  <ItemGroup>
    <Filter Include="Исходные файлы">
      <UniqueIdentifier>{4FC737F1-C7A5-4376-A066-2A32D752A2FF}</UniqueIdentifier>
      <Extensions>cpp;c;cc;cxx;c++;cppm;ixx;def;odl;idl;hpj;bat;asm;asmx</Extensions>
    </Filter>
    <Filter Include="Файлы заголовков">
      <UniqueIdentifier>{93995380-89BD-4b04-88EB-625FBE52EBFB}</UniqueIdentifier>
      <Extensions>h;hh;hpp;hxx;h++;hm;inl;inc;ipp;xsd</Extensions>
    </Filter>
    <Filter Include="Файлы ресурсов">
      <UniqueIdentifier>{67DA6AB6-F800-4c08-8B7A-83BB121AAD01}</UniqueIdentifier>
      <Extensions>rc;ico;cur;bmp;dlg;rc2;rct;bin;rgs;gif;jpg;jpeg;jpe;resx;tiff;tif;png;wav;mfcribbon-ms</Extensions>
    </Filter>
    <Filter Include="Subsystems">
      <UniqueIdentifier>{cff434a6-d53e-4643-8e51-deefbb581c27}</UniqueIdentifier>
    </Filter>
    <Filter Include="Core">
      <UniqueIdentifier>{bb0ca5ca-12b0-4101-99e8-fc54e46114e1}</UniqueIdentifier>
    </Filter>
    <Filter Include="ActorSystem">
      <UniqueIdentifier>{a644a540-b53d-4ec7-b414-5c60a809d79d}</UniqueIdentifier>
    </Filter>
    <Filter Include="WidgetsSystem">
      <UniqueIdentifier>{aee5d096-a880-4ce7-928c-10dcf0360726}</UniqueIdentifier>
    </Filter>
    <Filter Include="GameStates">
      <UniqueIdentifier>{7096ccbb-c670-4921-af28-f50983feab24}</UniqueIdentifier>
    </Filter>
    <Filter Include="GameStates\Abstract">
      <UniqueIdentifier>{3b39ff87-b6c8-442b-a491-1b52ec5ff7d0}</UniqueIdentifier>
    </Filter>
    <Filter Include="WidgetsSystem\Drawable">
      <UniqueIdentifier>{361d17c8-0fbe-4aa3-aa56-99cad5efef99}</UniqueIdentifier>
    </Filter>
    <Filter Include="Subsystems\Audio">
      <UniqueIdentifier>{45a466ac-5c3d-4e39-8d1e-df869cd0bedd}</UniqueIdentifier>
    </Filter>
  </ItemGroup>
  <ItemGroup>
    <ClCompile Include="InputSubsystem.cpp">
      <Filter>Subsystems</Filter>
    </ClCompile>
    <ClCompile Include="ResourceSubsystem.cpp">
      <Filter>Subsystems</Filter>
    </ClCompile>
    <ClCompile Include="UObject.cpp">
      <Filter>Core</Filter>
    </ClCompile>
    <ClCompile Include="GlobalObjects.cpp">
      <Filter>Core</Filter>
    </ClCompile>
    <ClCompile Include="GameMain.cpp">
      <Filter>Core</Filter>
    </ClCompile>
    <ClCompile Include="Engine.cpp">
      <Filter>Core</Filter>
    </ClCompile>
    <ClCompile Include="RenderSubsystem.cpp">
      <Filter>Subsystems</Filter>
    </ClCompile>
    <ClCompile Include="Actor.cpp">
      <Filter>ActorSystem</Filter>
    </ClCompile>
    <ClCompile Include="LevelSubsystem.cpp">
      <Filter>Subsystems</Filter>
    </ClCompile>
    <ClCompile Include="Player.cpp">
      <Filter>ActorSystem</Filter>
    </ClCompile>
    <ClCompile Include="Wall.cpp">
      <Filter>ActorSystem</Filter>
    </ClCompile>
    <ClCompile Include="PhysicsSubsystem.cpp">
      <Filter>Subsystems</Filter>
    </ClCompile>
    <ClCompile Include="Spikes.cpp">
      <Filter>ActorSystem</Filter>
    </ClCompile>
    <ClCompile Include="Point.cpp">
      <Filter>ActorSystem</Filter>
    </ClCompile>
    <ClCompile Include="Star.cpp">
      <Filter>ActorSystem</Filter>
    </ClCompile>
    <ClCompile Include="BackgroundWall.cpp">
      <Filter>ActorSystem</Filter>
    </ClCompile>
    <ClCompile Include="GarbageCollector.cpp">
      <Filter>Subsystems</Filter>
    </ClCompile>
    <ClCompile Include="PlayerStart.cpp">
      <Filter>ActorSystem</Filter>
    </ClCompile>
    <ClCompile Include="Archer.cpp">
      <Filter>ActorSystem</Filter>
    </ClCompile>
    <ClCompile Include="Arrow.cpp">
      <Filter>ActorSystem</Filter>
    </ClCompile>
    <ClCompile Include="CornerWall.cpp">
      <Filter>ActorSystem</Filter>
    </ClCompile>
    <ClCompile Include="PlayerStartBlock.cpp">
      <Filter>ActorSystem</Filter>
    </ClCompile>
    <ClCompile Include="PlayerEndBlock.cpp">
      <Filter>ActorSystem</Filter>
    </ClCompile>
    <ClCompile Include="PlayerEnd.cpp">
      <Filter>ActorSystem</Filter>
    </ClCompile>
    <ClCompile Include="Widget.cpp">
      <Filter>WidgetsSystem</Filter>
    </ClCompile>
    <ClCompile Include="Button.cpp">
      <Filter>WidgetsSystem</Filter>
    </ClCompile>
    <ClCompile Include="MainMenu.cpp">
      <Filter>GameStates</Filter>
    </ClCompile>
    <ClCompile Include="LevelInstance.cpp">
      <Filter>GameStates</Filter>
    </ClCompile>
    <ClCompile Include="EditorObject.cpp">
      <Filter>ActorSystem</Filter>
    </ClCompile>
    <ClCompile Include="GameState.cpp">
      <Filter>GameStates\Abstract</Filter>
    </ClCompile>
    <ClCompile Include="LevelEditor.cpp">
      <Filter>GameStates</Filter>
    </ClCompile>
    <ClCompile Include="Drawable.cpp">
      <Filter>WidgetsSystem\Drawable</Filter>
    </ClCompile>
    <ClCompile Include="SpriteComponent.cpp">
      <Filter>WidgetsSystem\Drawable</Filter>
    </ClCompile>
    <ClCompile Include="TextBox.cpp">
      <Filter>WidgetsSystem\Drawable</Filter>
    </ClCompile>
    <ClCompile Include="LevelSelector.cpp">
      <Filter>GameStates</Filter>
    </ClCompile>
    <ClCompile Include="AudioSubsystem.cpp">
      <Filter>Subsystems\Audio</Filter>
    </ClCompile>
    <ClCompile Include="AudioSample.cpp">
      <Filter>Subsystems\Audio</Filter>
    </ClCompile>
    <ClCompile Include="LevelEditorSelector.cpp">
      <Filter>GameStates</Filter>
    </ClCompile>
  </ItemGroup>
  <ItemGroup>
    <ClInclude Include="InputSubsystem.h">
      <Filter>Subsystems</Filter>
    </ClInclude>
    <ClInclude Include="ResourceSubsystem.h">
      <Filter>Subsystems</Filter>
    </ClInclude>
    <ClInclude Include="Config.h">
      <Filter>Core</Filter>
    </ClInclude>
    <ClInclude Include="UObject.h">
      <Filter>Core</Filter>
    </ClInclude>
    <ClInclude Include="CoreMinimal.h">
      <Filter>Core</Filter>
    </ClInclude>
    <ClInclude Include="Engine.h">
      <Filter>Core</Filter>
    </ClInclude>
    <ClInclude Include="RenderSubsystem.h">
      <Filter>Subsystems</Filter>
    </ClInclude>
    <ClInclude Include="Actor.h">
      <Filter>ActorSystem</Filter>
    </ClInclude>
    <ClInclude Include="LevelSubsystem.h">
      <Filter>Subsystems</Filter>
    </ClInclude>
    <ClInclude Include="Player.h">
      <Filter>ActorSystem</Filter>
    </ClInclude>
    <ClInclude Include="Wall.h">
      <Filter>ActorSystem</Filter>
    </ClInclude>
    <ClInclude Include="PhysicsSubsystem.h">
      <Filter>Subsystems</Filter>
    </ClInclude>
    <ClInclude Include="FunctionLibrary.h">
      <Filter>Core</Filter>
    </ClInclude>
    <ClInclude Include="Spikes.h">
      <Filter>ActorSystem</Filter>
    </ClInclude>
    <ClInclude Include="Point.h">
      <Filter>ActorSystem</Filter>
    </ClInclude>
    <ClInclude Include="Star.h">
      <Filter>ActorSystem</Filter>
    </ClInclude>
    <ClInclude Include="BackgroundWall.h">
      <Filter>ActorSystem</Filter>
    </ClInclude>
    <ClInclude Include="GarbageCollector.h">
      <Filter>Subsystems</Filter>
    </ClInclude>
    <ClInclude Include="PlayerStart.h">
      <Filter>ActorSystem</Filter>
    </ClInclude>
    <ClInclude Include="Archer.h">
      <Filter>ActorSystem</Filter>
    </ClInclude>
    <ClInclude Include="Arrow.h">
      <Filter>ActorSystem</Filter>
    </ClInclude>
    <ClInclude Include="CornerWall.h">
      <Filter>ActorSystem</Filter>
    </ClInclude>
    <ClInclude Include="PlayerStartBlock.h">
      <Filter>ActorSystem</Filter>
    </ClInclude>
    <ClInclude Include="PlayerEndBlock.h">
      <Filter>ActorSystem</Filter>
    </ClInclude>
    <ClInclude Include="PlayerEnd.h">
      <Filter>ActorSystem</Filter>
    </ClInclude>
    <ClInclude Include="Widget.h">
      <Filter>WidgetsSystem</Filter>
    </ClInclude>
    <ClInclude Include="Button.h">
      <Filter>WidgetsSystem</Filter>
    </ClInclude>
    <ClInclude Include="MainMenu.h">
      <Filter>GameStates</Filter>
    </ClInclude>
    <ClInclude Include="LevelInstance.h">
      <Filter>GameStates</Filter>
    </ClInclude>
    <ClInclude Include="EditorObject.h">
      <Filter>ActorSystem</Filter>
    </ClInclude>
    <ClInclude Include="GameState.h">
      <Filter>GameStates\Abstract</Filter>
    </ClInclude>
    <ClInclude Include="LevelEditor.h">
      <Filter>GameStates</Filter>
    </ClInclude>
    <ClInclude Include="Drawable.h">
      <Filter>WidgetsSystem\Drawable</Filter>
    </ClInclude>
    <ClInclude Include="SpriteComponent.h">
      <Filter>WidgetsSystem\Drawable</Filter>
    </ClInclude>
    <ClInclude Include="TextBox.h">
      <Filter>WidgetsSystem\Drawable</Filter>
    </ClInclude>
    <ClInclude Include="LevelSelector.h">
      <Filter>GameStates</Filter>
    </ClInclude>
    <ClInclude Include="AudioSubsystem.h">
      <Filter>Subsystems\Audio</Filter>
    </ClInclude>
    <ClInclude Include="AudioSample.h">
      <Filter>Subsystems\Audio</Filter>
    </ClInclude>
    <ClInclude Include="LevelEditorSelector.h">
      <Filter>GameStates</Filter>
    </ClInclude>
  </ItemGroup>
</Project>